
Microsoft Visual Studio Solution File, Format Version 12.00
# Visual Studio Version 16
VisualStudioVersion = 16.0.30503.244
MinimumVisualStudioVersion = 10.0.40219.1
Project("{FAE04EC0-301F-11D3-BF4B-00C04F79EFBC}") = "VirtualFactory", "VirtualFactory\VirtualFactory.csproj", "{DADD5474-A563-401D-8C2C-59A25915AB53}"
EndProject
Project("{FAE04EC0-301F-11D3-BF4B-00C04F79EFBC}") = "FactoryCore", "FactoryCore\FactoryCore.csproj", "{6E7668EC-C53C-434A-8450-31F4174424CD}"
EndProject
Project("{FAE04EC0-301F-11D3-BF4B-00C04F79EFBC}") = "Maxxis", "Maxxis\Maxxis.csproj", "{B6E45772-337F-403A-9422-67E0E6D4F3F3}"
EndProject
Project("{FAE04EC0-301F-11D3-BF4B-00C04F79EFBC}") = "BMW", "BMW\BMW.csproj", "{C369D040-D9B8-4D85-8FCB-98D89B45BF93}"
EndProject
Global
	GlobalSection(SolutionConfigurationPlatforms) = preSolution
		Debug|Any CPU = Debug|Any CPU
		Debug|x64 = Debug|x64
		Release|Any CPU = Release|Any CPU
		Release|x64 = Release|x64
	EndGlobalSection
	GlobalSection(ProjectConfigurationPlatforms) = postSolution
		{DADD5474-A563-401D-8C2C-59A25915AB53}.Debug|Any CPU.ActiveCfg = Debug|Any CPU
		{DADD5474-A563-401D-8C2C-59A25915AB53}.Debug|Any CPU.Build.0 = Debug|Any CPU
		{DADD5474-A563-401D-8C2C-59A25915AB53}.Debug|x64.ActiveCfg = Debug|x64
		{DADD5474-A563-401D-8C2C-59A25915AB53}.Debug|x64.Build.0 = Debug|x64
		{DADD5474-A563-401D-8C2C-59A25915AB53}.Release|Any CPU.ActiveCfg = Release|Any CPU
		{DADD5474-A563-401D-8C2C-59A25915AB53}.Release|Any CPU.Build.0 = Release|Any CPU
		{DADD5474-A563-401D-8C2C-59A25915AB53}.Release|x64.ActiveCfg = Release|x64
		{DADD5474-A563-401D-8C2C-59A25915AB53}.Release|x64.Build.0 = Release|x64
		{6E7668EC-C53C-434A-8450-31F4174424CD}.Debug|Any CPU.ActiveCfg = Debug|Any CPU
		{6E7668EC-C53C-434A-8450-31F4174424CD}.Debug|Any CPU.Build.0 = Debug|Any CPU
		{6E7668EC-C53C-434A-8450-31F4174424CD}.Debug|x64.ActiveCfg = Debug|x64
		{6E7668EC-C53C-434A-8450-31F4174424CD}.Debug|x64.Build.0 = Debug|x64
		{6E7668EC-C53C-434A-8450-31F4174424CD}.Release|Any CPU.ActiveCfg = Release|Any CPU
		{6E7668EC-C53C-434A-8450-31F4174424CD}.Release|Any CPU.Build.0 = Release|Any CPU
		{6E7668EC-C53C-434A-8450-31F4174424CD}.Release|x64.ActiveCfg = Release|x64
		{6E7668EC-C53C-434A-8450-31F4174424CD}.Release|x64.Build.0 = Release|x64
		{B6E45772-337F-403A-9422-67E0E6D4F3F3}.Debug|Any CPU.ActiveCfg = Debug|Any CPU
		{B6E45772-337F-403A-9422-67E0E6D4F3F3}.Debug|Any CPU.Build.0 = Debug|Any CPU
		{B6E45772-337F-403A-9422-67E0E6D4F3F3}.Debug|x64.ActiveCfg = Debug|x64
		{B6E45772-337F-403A-9422-67E0E6D4F3F3}.Debug|x64.Build.0 = Debug|x64
		{B6E45772-337F-403A-9422-67E0E6D4F3F3}.Release|Any CPU.ActiveCfg = Release|Any CPU
		{B6E45772-337F-403A-9422-67E0E6D4F3F3}.Release|Any CPU.Build.0 = Release|Any CPU
		{B6E45772-337F-403A-9422-67E0E6D4F3F3}.Release|x64.ActiveCfg = Release|Any CPU
		{B6E45772-337F-403A-9422-67E0E6D4F3F3}.Release|x64.Build.0 = Release|Any CPU
		{C369D040-D9B8-4D85-8FCB-98D89B45BF93}.Debug|Any CPU.ActiveCfg = Debug|Any CPU
		{C369D040-D9B8-4D85-8FCB-98D89B45BF93}.Debug|Any CPU.Build.0 = Debug|Any CPU
		{C369D040-D9B8-4D85-8FCB-98D89B45BF93}.Debug|x64.ActiveCfg = Debug|x64
		{C369D040-D9B8-4D85-8FCB-98D89B45BF93}.Debug|x64.Build.0 = Debug|x64
		{C369D040-D9B8-4D85-8FCB-98D89B45BF93}.Release|Any CPU.ActiveCfg = Release|Any CPU
		{C369D040-D9B8-4D85-8FCB-98D89B45BF93}.Release|Any CPU.Build.0 = Release|Any CPU
		{C369D040-D9B8-4D85-8FCB-98D89B45BF93}.Release|x64.ActiveCfg = Release|Any CPU
		{C369D040-D9B8-4D85-8FCB-98D89B45BF93}.Release|x64.Build.0 = Release|Any CPU
	EndGlobalSection
	GlobalSection(SolutionProperties) = preSolution
		HideSolutionNode = FALSE
	EndGlobalSection
	GlobalSection(ExtensibilityGlobals) = postSolution
		SolutionGuid = {13381F40-56DC-42E3-839B-EB845FC52696}
	EndGlobalSection
EndGlobal
